{
  "object": {
    "pins": [
      {
        "package": "Chord",
        "repositoryURL": "https://github.com/OperatorFoundation/Chord",
        "state": {
          "branch": null,
          "revision": "756eeb26b10016784e6dc7cfce33068b36e49f39",
          "version": "0.0.15"
        }
      },
      {
        "package": "Datable",
        "repositoryURL": "https://github.com/OperatorFoundation/Datable",
        "state": {
          "branch": null,
          "revision": "f935c18f2527f1b3cb6cad2511758b54effac5b1",
          "version": "3.1.2"
        }
      },
      {
        "package": "Net",
        "repositoryURL": "https://github.com/OperatorFoundation/Net.git",
        "state": {
          "branch": null,
          "revision": "57de753edfa076c8b6c2ce5d08bbd48e3cdc1d52",
          "version": "0.0.1"
        }
      },
      {
        "package": "Song",
        "repositoryURL": "https://github.com/OperatorFoundation/Song",
        "state": {
          "branch": null,
          "revision": "645ea7b7d093c08abb570a82ff1329b7d9f53e8a",
          "version": "0.2.3"
        }
      },
      {
        "package": "swift-ast",
        "repositoryURL": "https://github.com/OperatorFoundation/swift-ast.git",
        "state": {
          "branch": null,
          "revision": "d7e0cf0d9d3b90831a1c297ce911a338a4bd44f3",
          "version": "0.19.12"
        }
      },
      {
        "package": "swift-system",
        "repositoryURL": "https://github.com/apple/swift-system",
        "state": {
          "branch": null,
          "revision": "836bc4557b74fe6d2660218d56e3ce96aff76574",
          "version": "1.1.1"
        }
      },
      {
        "package": "SwiftQueue",
        "repositoryURL": "https://github.com/OperatorFoundation/SwiftQueue",
        "state": {
          "branch": null,
          "revision": "5e6cd8b325493f520a45d20d788efca707b53e6c",
          "version": "0.1.2"
        }
      }
    ]
  },
  "version": 1
}
